
Microsoft Visual Studio Solution File, Format Version 12.00
# Visual Studio 15
VisualStudioVersion = 15.0.28307.329
MinimumVisualStudioVersion = 10.0.40219.1
Project("{888888A0-9F3D-457C-B088-3A5042F75D52}") = "Palenoff-bot", "Palenoff-bot\Palenoff-bot.pyproj", "{FB78ABAD-9040-443C-B023-19D892EF67F3}"
EndProject
Project("{888888A0-9F3D-457C-B088-3A5042F75D52}") = "Bot", "Bot\Bot.pyproj", "{A2865812-5412-43F6-8D92-B647FC5BAD7B}"
EndProject
Global
	GlobalSection(SolutionConfigurationPlatforms) = preSolution
		Debug|Any CPU = Debug|Any CPU
		Release|Any CPU = Release|Any CPU
	EndGlobalSection
	GlobalSection(ProjectConfigurationPlatforms) = postSolution
		{FB78ABAD-9040-443C-B023-19D892EF67F3}.Debug|Any CPU.ActiveCfg = Debug|Any CPU
		{FB78ABAD-9040-443C-B023-19D892EF67F3}.Release|Any CPU.ActiveCfg = Release|Any CPU
		{A2865812-5412-43F6-8D92-B647FC5BAD7B}.Debug|Any CPU.ActiveCfg = Debug|Any CPU
		{A2865812-5412-43F6-8D92-B647FC5BAD7B}.Release|Any CPU.ActiveCfg = Release|Any CPU
	EndGlobalSection
	GlobalSection(SolutionProperties) = preSolution
		HideSolutionNode = FALSE
	EndGlobalSection
	GlobalSection(ExtensibilityGlobals) = postSolution
		SolutionGuid = {0680B8C6-9CE5-4EA9-8744-08E5B73765EF}
	EndGlobalSection
EndGlobal
